
Microsoft Visual Studio Solution File, Format Version 12.00
# Visual Studio Version 16
VisualStudioVersion = 16.0.30406.217
MinimumVisualStudioVersion = 10.0.40219.1
Project("{2150E333-8FDC-42A3-9474-1A3956D46DE8}") = "Solution Items", "Solution Items", "{DA847DC5-4A47-43F5-9E3B-A80E3BAB15D7}"
	ProjectSection(SolutionItems) = preProject
		Realisation.txt = Realisation.txt
	EndProjectSection
EndProject
Project("{FAE04EC0-301F-11D3-BF4B-00C04F79EFBC}") = "Brainstable.RP5", "src\Brainstable.RP5\Brainstable.RP5.csproj", "{715769A4-6B6F-4133-8CD7-ADA2889E03B1}"
EndProject
Project("{FAE04EC0-301F-11D3-BF4B-00C04F79EFBC}") = "Brainstable.RP5.Test", "tests\Brainstable.RP5.Test\Brainstable.RP5.Test.csproj", "{B05DBF94-2085-4CC5-96DA-0D8204245A3D}"
EndProject
Global
	GlobalSection(SolutionConfigurationPlatforms) = preSolution
		Debug|Any CPU = Debug|Any CPU
		Release|Any CPU = Release|Any CPU
	EndGlobalSection
	GlobalSection(ProjectConfigurationPlatforms) = postSolution
		{715769A4-6B6F-4133-8CD7-ADA2889E03B1}.Debug|Any CPU.ActiveCfg = Debug|Any CPU
		{715769A4-6B6F-4133-8CD7-ADA2889E03B1}.Debug|Any CPU.Build.0 = Debug|Any CPU
		{715769A4-6B6F-4133-8CD7-ADA2889E03B1}.Release|Any CPU.ActiveCfg = Release|Any CPU
		{715769A4-6B6F-4133-8CD7-ADA2889E03B1}.Release|Any CPU.Build.0 = Release|Any CPU
		{B05DBF94-2085-4CC5-96DA-0D8204245A3D}.Debug|Any CPU.ActiveCfg = Debug|Any CPU
		{B05DBF94-2085-4CC5-96DA-0D8204245A3D}.Debug|Any CPU.Build.0 = Debug|Any CPU
		{B05DBF94-2085-4CC5-96DA-0D8204245A3D}.Release|Any CPU.ActiveCfg = Release|Any CPU
		{B05DBF94-2085-4CC5-96DA-0D8204245A3D}.Release|Any CPU.Build.0 = Release|Any CPU
	EndGlobalSection
	GlobalSection(SolutionProperties) = preSolution
		HideSolutionNode = FALSE
	EndGlobalSection
	GlobalSection(ExtensibilityGlobals) = postSolution
		SolutionGuid = {E0BA520C-CAD8-4A22-AEAB-27BE7CC5912E}
	EndGlobalSection
EndGlobal
